
Microsoft Visual Studio Solution File, Format Version 12.00
# Visual Studio Version 16
VisualStudioVersion = 16.0.30503.244
MinimumVisualStudioVersion = 10.0.40219.1
Project("{FAE04EC0-301F-11D3-BF4B-00C04F79EFBC}") = "Gritador", "Gritador\Gritador.csproj", "{D56238AA-49B4-44A0-BF78-E6F6ED84B30C}"
EndProject
Global
	GlobalSection(SolutionConfigurationPlatforms) = preSolution
		Debug|Any CPU = Debug|Any CPU
		Release|Any CPU = Release|Any CPU
	EndGlobalSection
	GlobalSection(ProjectConfigurationPlatforms) = postSolution
		{D56238AA-49B4-44A0-BF78-E6F6ED84B30C}.Debug|Any CPU.ActiveCfg = Debug|Any CPU
		{D56238AA-49B4-44A0-BF78-E6F6ED84B30C}.Debug|Any CPU.Build.0 = Debug|Any CPU
		{D56238AA-49B4-44A0-BF78-E6F6ED84B30C}.Release|Any CPU.ActiveCfg = Release|Any CPU
		{D56238AA-49B4-44A0-BF78-E6F6ED84B30C}.Release|Any CPU.Build.0 = Release|Any CPU
	EndGlobalSection
	GlobalSection(SolutionProperties) = preSolution
		HideSolutionNode = FALSE
	EndGlobalSection
	GlobalSection(ExtensibilityGlobals) = postSolution
		SolutionGuid = {44DE1DB2-C2D3-4047-B91B-F205BAB1584B}
	EndGlobalSection
EndGlobal
